
Microsoft Visual Studio Solution File, Format Version 12.00
# Visual Studio Version 16
VisualStudioVersion = 16.0.30002.166
MinimumVisualStudioVersion = 10.0.40219.1
Project("{2150E333-8FDC-42A3-9474-1A3956D46DE8}") = "Microservices", "Microservices", "{023A268E-CFED-413B-985D-AF23843B877C}"
EndProject
Project("{2150E333-8FDC-42A3-9474-1A3956D46DE8}") = "Domain", "Domain", "{22E37724-6226-4105-A8EE-B005D27ECB6C}"
EndProject
Project("{2150E333-8FDC-42A3-9474-1A3956D46DE8}") = "Infrastructure.Bus", "Infrastructure.Bus", "{631CF7AD-A786-4040-80BD-CB93454E8E8B}"
EndProject
Project("{2150E333-8FDC-42A3-9474-1A3956D46DE8}") = "Infrastructure.IoC", "Infrastructure.IoC", "{054ECD6C-E347-4D76-AE61-9B0714541E21}"
EndProject
Project("{2150E333-8FDC-42A3-9474-1A3956D46DE8}") = "Presentation", "Presentation", "{049CF092-7350-44A3-8243-5035D51D55C2}"
EndProject
Project("{9A19103F-16F7-4668-BE54-9A1E7A4F7556}") = "MicroBanking.Domain.Core", "MicroBanking.Domain.Core\MicroBanking.Domain.Core.csproj", "{6B943D9A-9B56-45CF-9E1C-BAAAE03B35C8}"
EndProject
Project("{9A19103F-16F7-4668-BE54-9A1E7A4F7556}") = "MicroBanking.Infrastructure.Bus", "MicroBanking.Infrastructure.Bus\MicroBanking.Infrastructure.Bus.csproj", "{87B3C90C-6934-4CFB-BB48-11DB54941EE7}"
EndProject
Project("{9A19103F-16F7-4668-BE54-9A1E7A4F7556}") = "MicroBanking.Infrastructure.IoC", "MicroBanking.Infrastructure.IoC\MicroBanking.Infrastructure.IoC.csproj", "{F3C2A6F4-404B-41DF-807D-57DA61B17EA7}"
EndProject
Project("{2150E333-8FDC-42A3-9474-1A3956D46DE8}") = "Banking", "Banking", "{04343AE6-82A4-426F-AA93-DC4D92C9055A}"
EndProject
Project("{2150E333-8FDC-42A3-9474-1A3956D46DE8}") = "Api", "Api", "{FDEFFC6A-DD11-4107-A3C3-6195FFE71048}"
EndProject
Project("{2150E333-8FDC-42A3-9474-1A3956D46DE8}") = "Domain", "Domain", "{88B90239-E94F-4CDC-BFC8-359CABCA1059}"
EndProject
Project("{2150E333-8FDC-42A3-9474-1A3956D46DE8}") = "Application", "Application", "{C6231496-264F-4421-8B9F-302C7B446B67}"
EndProject
Project("{2150E333-8FDC-42A3-9474-1A3956D46DE8}") = "Data", "Data", "{1097B29F-8516-4A44-87BE-E37F5B8ED13B}"
EndProject
Project("{FAE04EC0-301F-11D3-BF4B-00C04F79EFBC}") = "MicroBanking.Banking.Api", "MicroBanking.Banking.Api\MicroBanking.Banking.Api.csproj", "{3E4FD778-7E2A-4BD0-A586-46689291C3F9}"
EndProject
Project("{FAE04EC0-301F-11D3-BF4B-00C04F79EFBC}") = "MicroBanking.Banking.Application", "MicroBanking.Banking.Application\MicroBanking.Banking.Application.csproj", "{E9391FC5-B1C2-4E55-AAED-260C196BAF88}"
EndProject
Project("{FAE04EC0-301F-11D3-BF4B-00C04F79EFBC}") = "MicroBanking.Banking.Data", "MicroBanking.Banking.Data\MicroBanking.Banking.Data.csproj", "{0A8E01C5-281E-425F-B7D1-909B45360A39}"
EndProject
Project("{FAE04EC0-301F-11D3-BF4B-00C04F79EFBC}") = "MicroBanking.Banking.Domain", "MicroBanking.Banking.Domain\MicroBanking.Banking.Domain.csproj", "{E9526CE8-3048-4E3A-9702-91F2FEAD7FAC}"
EndProject
Project("{2150E333-8FDC-42A3-9474-1A3956D46DE8}") = "Transfer", "Transfer", "{8C7C59D9-F181-4340-8E2E-BBA48CE7870D}"
EndProject
Project("{2150E333-8FDC-42A3-9474-1A3956D46DE8}") = "Api", "Api", "{DD992857-26F1-46A2-B550-C1D55D844896}"
EndProject
Project("{2150E333-8FDC-42A3-9474-1A3956D46DE8}") = "Application", "Application", "{8DA90ADB-F614-49B7-A3CC-ADD9C8EF3EFF}"
EndProject
Project("{2150E333-8FDC-42A3-9474-1A3956D46DE8}") = "Data", "Data", "{3E8F5BCC-C617-496B-AD02-C4B1A701E0F0}"
EndProject
Project("{2150E333-8FDC-42A3-9474-1A3956D46DE8}") = "Domain", "Domain", "{D26D4A5C-19D4-4E16-92D7-ADA582FC0EC9}"
EndProject
Project("{FAE04EC0-301F-11D3-BF4B-00C04F79EFBC}") = "MicroBanking.Transfer.Api", "MicroBanking.Transfer.Api\MicroBanking.Transfer.Api.csproj", "{3664D575-DA5E-4F9F-A857-558AA2E3CD5B}"
EndProject
Project("{FAE04EC0-301F-11D3-BF4B-00C04F79EFBC}") = "MicroBanking.Transfer.Application", "MicroBanking.Transfer.Application\MicroBanking.Transfer.Application.csproj", "{75640286-F9F8-439B-AF5B-E4CAA2B23553}"
EndProject
Project("{FAE04EC0-301F-11D3-BF4B-00C04F79EFBC}") = "MicroBanking.Transfer.Data", "MicroBanking.Transfer.Data\MicroBanking.Transfer.Data.csproj", "{0E8E6652-BD6E-4D99-9CEF-E99D47834819}"
EndProject
Project("{9A19103F-16F7-4668-BE54-9A1E7A4F7556}") = "MicroBanking.Transfer.Domain", "MicroBanking.Transfer.Domain\MicroBanking.Transfer.Domain.csproj", "{038EAA8D-11A2-4B21-983D-DA2791796751}"
EndProject
Project("{FAE04EC0-301F-11D3-BF4B-00C04F79EFBC}") = "MicroBanking.UI", "MicroBanking.UI\MicroBanking.UI.csproj", "{13FF5868-36CE-4C3E-926C-676A39115253}"
EndProject
Global
	GlobalSection(SolutionConfigurationPlatforms) = preSolution
		Debug|Any CPU = Debug|Any CPU
		Release|Any CPU = Release|Any CPU
	EndGlobalSection
	GlobalSection(ProjectConfigurationPlatforms) = postSolution
		{6B943D9A-9B56-45CF-9E1C-BAAAE03B35C8}.Debug|Any CPU.ActiveCfg = Debug|Any CPU
		{6B943D9A-9B56-45CF-9E1C-BAAAE03B35C8}.Debug|Any CPU.Build.0 = Debug|Any CPU
		{6B943D9A-9B56-45CF-9E1C-BAAAE03B35C8}.Release|Any CPU.ActiveCfg = Release|Any CPU
		{6B943D9A-9B56-45CF-9E1C-BAAAE03B35C8}.Release|Any CPU.Build.0 = Release|Any CPU
		{87B3C90C-6934-4CFB-BB48-11DB54941EE7}.Debug|Any CPU.ActiveCfg = Debug|Any CPU
		{87B3C90C-6934-4CFB-BB48-11DB54941EE7}.Debug|Any CPU.Build.0 = Debug|Any CPU
		{87B3C90C-6934-4CFB-BB48-11DB54941EE7}.Release|Any CPU.ActiveCfg = Release|Any CPU
		{87B3C90C-6934-4CFB-BB48-11DB54941EE7}.Release|Any CPU.Build.0 = Release|Any CPU
		{F3C2A6F4-404B-41DF-807D-57DA61B17EA7}.Debug|Any CPU.ActiveCfg = Debug|Any CPU
		{F3C2A6F4-404B-41DF-807D-57DA61B17EA7}.Debug|Any CPU.Build.0 = Debug|Any CPU
		{F3C2A6F4-404B-41DF-807D-57DA61B17EA7}.Release|Any CPU.ActiveCfg = Release|Any CPU
		{F3C2A6F4-404B-41DF-807D-57DA61B17EA7}.Release|Any CPU.Build.0 = Release|Any CPU
		{3E4FD778-7E2A-4BD0-A586-46689291C3F9}.Debug|Any CPU.ActiveCfg = Debug|Any CPU
		{3E4FD778-7E2A-4BD0-A586-46689291C3F9}.Debug|Any CPU.Build.0 = Debug|Any CPU
		{3E4FD778-7E2A-4BD0-A586-46689291C3F9}.Release|Any CPU.ActiveCfg = Release|Any CPU
		{3E4FD778-7E2A-4BD0-A586-46689291C3F9}.Release|Any CPU.Build.0 = Release|Any CPU
		{E9391FC5-B1C2-4E55-AAED-260C196BAF88}.Debug|Any CPU.ActiveCfg = Debug|Any CPU
		{E9391FC5-B1C2-4E55-AAED-260C196BAF88}.Debug|Any CPU.Build.0 = Debug|Any CPU
		{E9391FC5-B1C2-4E55-AAED-260C196BAF88}.Release|Any CPU.ActiveCfg = Release|Any CPU
		{E9391FC5-B1C2-4E55-AAED-260C196BAF88}.Release|Any CPU.Build.0 = Release|Any CPU
		{0A8E01C5-281E-425F-B7D1-909B45360A39}.Debug|Any CPU.ActiveCfg = Debug|Any CPU
		{0A8E01C5-281E-425F-B7D1-909B45360A39}.Debug|Any CPU.Build.0 = Debug|Any CPU
		{0A8E01C5-281E-425F-B7D1-909B45360A39}.Release|Any CPU.ActiveCfg = Release|Any CPU
		{0A8E01C5-281E-425F-B7D1-909B45360A39}.Release|Any CPU.Build.0 = Release|Any CPU
		{E9526CE8-3048-4E3A-9702-91F2FEAD7FAC}.Debug|Any CPU.ActiveCfg = Debug|Any CPU
		{E9526CE8-3048-4E3A-9702-91F2FEAD7FAC}.Debug|Any CPU.Build.0 = Debug|Any CPU
		{E9526CE8-3048-4E3A-9702-91F2FEAD7FAC}.Release|Any CPU.ActiveCfg = Release|Any CPU
		{E9526CE8-3048-4E3A-9702-91F2FEAD7FAC}.Release|Any CPU.Build.0 = Release|Any CPU
		{3664D575-DA5E-4F9F-A857-558AA2E3CD5B}.Debug|Any CPU.ActiveCfg = Debug|Any CPU
		{3664D575-DA5E-4F9F-A857-558AA2E3CD5B}.Debug|Any CPU.Build.0 = Debug|Any CPU
		{3664D575-DA5E-4F9F-A857-558AA2E3CD5B}.Release|Any CPU.ActiveCfg = Release|Any CPU
		{3664D575-DA5E-4F9F-A857-558AA2E3CD5B}.Release|Any CPU.Build.0 = Release|Any CPU
		{75640286-F9F8-439B-AF5B-E4CAA2B23553}.Debug|Any CPU.ActiveCfg = Debug|Any CPU
		{75640286-F9F8-439B-AF5B-E4CAA2B23553}.Debug|Any CPU.Build.0 = Debug|Any CPU
		{75640286-F9F8-439B-AF5B-E4CAA2B23553}.Release|Any CPU.ActiveCfg = Release|Any CPU
		{75640286-F9F8-439B-AF5B-E4CAA2B23553}.Release|Any CPU.Build.0 = Release|Any CPU
		{0E8E6652-BD6E-4D99-9CEF-E99D47834819}.Debug|Any CPU.ActiveCfg = Debug|Any CPU
		{0E8E6652-BD6E-4D99-9CEF-E99D47834819}.Debug|Any CPU.Build.0 = Debug|Any CPU
		{0E8E6652-BD6E-4D99-9CEF-E99D47834819}.Release|Any CPU.ActiveCfg = Release|Any CPU
		{0E8E6652-BD6E-4D99-9CEF-E99D47834819}.Release|Any CPU.Build.0 = Release|Any CPU
		{038EAA8D-11A2-4B21-983D-DA2791796751}.Debug|Any CPU.ActiveCfg = Debug|Any CPU
		{038EAA8D-11A2-4B21-983D-DA2791796751}.Debug|Any CPU.Build.0 = Debug|Any CPU
		{038EAA8D-11A2-4B21-983D-DA2791796751}.Release|Any CPU.ActiveCfg = Release|Any CPU
		{038EAA8D-11A2-4B21-983D-DA2791796751}.Release|Any CPU.Build.0 = Release|Any CPU
		{13FF5868-36CE-4C3E-926C-676A39115253}.Debug|Any CPU.ActiveCfg = Debug|Any CPU
		{13FF5868-36CE-4C3E-926C-676A39115253}.Debug|Any CPU.Build.0 = Debug|Any CPU
		{13FF5868-36CE-4C3E-926C-676A39115253}.Release|Any CPU.ActiveCfg = Release|Any CPU
		{13FF5868-36CE-4C3E-926C-676A39115253}.Release|Any CPU.Build.0 = Release|Any CPU
	EndGlobalSection
	GlobalSection(SolutionProperties) = preSolution
		HideSolutionNode = FALSE
	EndGlobalSection
	GlobalSection(NestedProjects) = preSolution
		{6B943D9A-9B56-45CF-9E1C-BAAAE03B35C8} = {22E37724-6226-4105-A8EE-B005D27ECB6C}
		{87B3C90C-6934-4CFB-BB48-11DB54941EE7} = {631CF7AD-A786-4040-80BD-CB93454E8E8B}
		{F3C2A6F4-404B-41DF-807D-57DA61B17EA7} = {054ECD6C-E347-4D76-AE61-9B0714541E21}
		{04343AE6-82A4-426F-AA93-DC4D92C9055A} = {023A268E-CFED-413B-985D-AF23843B877C}
		{FDEFFC6A-DD11-4107-A3C3-6195FFE71048} = {04343AE6-82A4-426F-AA93-DC4D92C9055A}
		{88B90239-E94F-4CDC-BFC8-359CABCA1059} = {04343AE6-82A4-426F-AA93-DC4D92C9055A}
		{C6231496-264F-4421-8B9F-302C7B446B67} = {04343AE6-82A4-426F-AA93-DC4D92C9055A}
		{1097B29F-8516-4A44-87BE-E37F5B8ED13B} = {04343AE6-82A4-426F-AA93-DC4D92C9055A}
		{3E4FD778-7E2A-4BD0-A586-46689291C3F9} = {FDEFFC6A-DD11-4107-A3C3-6195FFE71048}
		{E9391FC5-B1C2-4E55-AAED-260C196BAF88} = {C6231496-264F-4421-8B9F-302C7B446B67}
		{0A8E01C5-281E-425F-B7D1-909B45360A39} = {1097B29F-8516-4A44-87BE-E37F5B8ED13B}
		{E9526CE8-3048-4E3A-9702-91F2FEAD7FAC} = {88B90239-E94F-4CDC-BFC8-359CABCA1059}
		{8C7C59D9-F181-4340-8E2E-BBA48CE7870D} = {023A268E-CFED-413B-985D-AF23843B877C}
		{DD992857-26F1-46A2-B550-C1D55D844896} = {8C7C59D9-F181-4340-8E2E-BBA48CE7870D}
		{8DA90ADB-F614-49B7-A3CC-ADD9C8EF3EFF} = {8C7C59D9-F181-4340-8E2E-BBA48CE7870D}
		{3E8F5BCC-C617-496B-AD02-C4B1A701E0F0} = {8C7C59D9-F181-4340-8E2E-BBA48CE7870D}
		{D26D4A5C-19D4-4E16-92D7-ADA582FC0EC9} = {8C7C59D9-F181-4340-8E2E-BBA48CE7870D}
		{3664D575-DA5E-4F9F-A857-558AA2E3CD5B} = {DD992857-26F1-46A2-B550-C1D55D844896}
		{75640286-F9F8-439B-AF5B-E4CAA2B23553} = {8DA90ADB-F614-49B7-A3CC-ADD9C8EF3EFF}
		{0E8E6652-BD6E-4D99-9CEF-E99D47834819} = {3E8F5BCC-C617-496B-AD02-C4B1A701E0F0}
		{038EAA8D-11A2-4B21-983D-DA2791796751} = {D26D4A5C-19D4-4E16-92D7-ADA582FC0EC9}
		{13FF5868-36CE-4C3E-926C-676A39115253} = {049CF092-7350-44A3-8243-5035D51D55C2}
	EndGlobalSection
	GlobalSection(ExtensibilityGlobals) = postSolution
		SolutionGuid = {D8EF1C7B-2532-4D12-A26F-807DD1FFBEE8}
	EndGlobalSection
EndGlobal
